
Microsoft Visual Studio Solution File, Format Version 12.00
# Visual Studio Version 17
VisualStudioVersion = 17.11.35222.181
MinimumVisualStudioVersion = 10.0.40219.1
Project("{FAE04EC0-301F-11D3-BF4B-00C04F79EFBC}") = "BaiTap07a", "BaiTap07a\BaiTap07a.csproj", "{6F246A8C-9035-49D6-AFF0-F8FAE3C0947D}"
EndProject
Global
	GlobalSection(SolutionConfigurationPlatforms) = preSolution
		Debug|Any CPU = Debug|Any CPU
		Release|Any CPU = Release|Any CPU
	EndGlobalSection
	GlobalSection(ProjectConfigurationPlatforms) = postSolution
		{6F246A8C-9035-49D6-AFF0-F8FAE3C0947D}.Debug|Any CPU.ActiveCfg = Debug|Any CPU
		{6F246A8C-9035-49D6-AFF0-F8FAE3C0947D}.Debug|Any CPU.Build.0 = Debug|Any CPU
		{6F246A8C-9035-49D6-AFF0-F8FAE3C0947D}.Release|Any CPU.ActiveCfg = Release|Any CPU
		{6F246A8C-9035-49D6-AFF0-F8FAE3C0947D}.Release|Any CPU.Build.0 = Release|Any CPU
	EndGlobalSection
	GlobalSection(SolutionProperties) = preSolution
		HideSolutionNode = FALSE
	EndGlobalSection
	GlobalSection(ExtensibilityGlobals) = postSolution
		SolutionGuid = {F5EDECA2-D2E8-4AE7-9FA4-07425DC8251B}
	EndGlobalSection
EndGlobal
