
Microsoft Visual Studio Solution File, Format Version 12.00
# Visual Studio Version 17
VisualStudioVersion = 17.10.35201.131
MinimumVisualStudioVersion = 10.0.40219.1
Project("{9A19103F-16F7-4668-BE54-9A1E7A4F7556}") = "BaiTap02VN", "baitap2\BaiTap02VN.csproj", "{EE16E0E3-68E3-40F1-85FE-9F8E23ED26B0}"
EndProject
Global
	GlobalSection(SolutionConfigurationPlatforms) = preSolution
		Debug|Any CPU = Debug|Any CPU
		Release|Any CPU = Release|Any CPU
	EndGlobalSection
	GlobalSection(ProjectConfigurationPlatforms) = postSolution
		{EE16E0E3-68E3-40F1-85FE-9F8E23ED26B0}.Debug|Any CPU.ActiveCfg = Debug|Any CPU
		{EE16E0E3-68E3-40F1-85FE-9F8E23ED26B0}.Debug|Any CPU.Build.0 = Debug|Any CPU
		{EE16E0E3-68E3-40F1-85FE-9F8E23ED26B0}.Release|Any CPU.ActiveCfg = Release|Any CPU
		{EE16E0E3-68E3-40F1-85FE-9F8E23ED26B0}.Release|Any CPU.Build.0 = Release|Any CPU
	EndGlobalSection
	GlobalSection(SolutionProperties) = preSolution
		HideSolutionNode = FALSE
	EndGlobalSection
	GlobalSection(ExtensibilityGlobals) = postSolution
		SolutionGuid = {6AA1E9D3-0F73-4AB4-8A4F-84146406CA5F}
	EndGlobalSection
EndGlobal
