
Microsoft Visual Studio Solution File, Format Version 12.00
# Visual Studio Version 17
VisualStudioVersion = 17.7.34018.315
MinimumVisualStudioVersion = 10.0.40219.1
Project("{FAE04EC0-301F-11D3-BF4B-00C04F79EFBC}") = "BaiTap02", "BaiTap02\BaiTap02.csproj", "{590278FF-1BC4-4931-A424-1461711E7131}"
EndProject
Global
	GlobalSection(SolutionConfigurationPlatforms) = preSolution
		Debug|Any CPU = Debug|Any CPU
		Release|Any CPU = Release|Any CPU
	EndGlobalSection
	GlobalSection(ProjectConfigurationPlatforms) = postSolution
		{590278FF-1BC4-4931-A424-1461711E7131}.Debug|Any CPU.ActiveCfg = Debug|Any CPU
		{590278FF-1BC4-4931-A424-1461711E7131}.Debug|Any CPU.Build.0 = Debug|Any CPU
		{590278FF-1BC4-4931-A424-1461711E7131}.Release|Any CPU.ActiveCfg = Release|Any CPU
		{590278FF-1BC4-4931-A424-1461711E7131}.Release|Any CPU.Build.0 = Release|Any CPU
	EndGlobalSection
	GlobalSection(SolutionProperties) = preSolution
		HideSolutionNode = FALSE
	EndGlobalSection
	GlobalSection(ExtensibilityGlobals) = postSolution
		SolutionGuid = {92C019AF-47B3-4241-9D4C-3B6F5E084798}
	EndGlobalSection
EndGlobal
