
Microsoft Visual Studio Solution File, Format Version 12.00
# Visual Studio Version 17
VisualStudioVersion = 17.11.35222.181
MinimumVisualStudioVersion = 10.0.40219.1
Project("{FAE04EC0-301F-11D3-BF4B-00C04F79EFBC}") = "BaiTapKT01", "BaiTapKT01\BaiTapKT01.csproj", "{BC2EC226-E0E9-4276-A768-370011E2E64D}"
EndProject
Global
	GlobalSection(SolutionConfigurationPlatforms) = preSolution
		Debug|Any CPU = Debug|Any CPU
		Release|Any CPU = Release|Any CPU
	EndGlobalSection
	GlobalSection(ProjectConfigurationPlatforms) = postSolution
		{BC2EC226-E0E9-4276-A768-370011E2E64D}.Debug|Any CPU.ActiveCfg = Debug|Any CPU
		{BC2EC226-E0E9-4276-A768-370011E2E64D}.Debug|Any CPU.Build.0 = Debug|Any CPU
		{BC2EC226-E0E9-4276-A768-370011E2E64D}.Release|Any CPU.ActiveCfg = Release|Any CPU
		{BC2EC226-E0E9-4276-A768-370011E2E64D}.Release|Any CPU.Build.0 = Release|Any CPU
	EndGlobalSection
	GlobalSection(SolutionProperties) = preSolution
		HideSolutionNode = FALSE
	EndGlobalSection
	GlobalSection(ExtensibilityGlobals) = postSolution
		SolutionGuid = {347899AB-CE87-48E5-AE02-B22CC68F461B}
	EndGlobalSection
EndGlobal
